{
  "nodes": {
    "eww-scripts": {
      "inputs": {
        "nixpkgs": [
          "nixpkgs"
        ]
      },
      "locked": {
        "lastModified": 1681975252,
        "narHash": "sha256-Vw/UJLaUs8Ubdxo5PZiqBEyqLth4K0N58REogsJptNE=",
        "owner": "estebanheish",
        "repo": "eww-scripts",
        "rev": "54bd0b89490bf8b02e76b5c792433092b7162fc6",
        "type": "github"
      },
      "original": {
        "owner": "estebanheish",
        "repo": "eww-scripts",
        "type": "github"
      }
    },
    "home-manager": {
      "inputs": {
        "nixpkgs": [
          "nixpkgs"
        ]
      },
      "locked": {
        "lastModified": 1683221986,
        "narHash": "sha256-n688GK4wO2pZpI4gHOxj/PF85bzUMPEJ8B3Wd3cHSjk=",
        "owner": "nix-community",
        "repo": "home-manager",
        "rev": "f3824311a16cbe70dbaeedc17a97dfcd11901c3f",
        "type": "github"
      },
      "original": {
        "owner": "nix-community",
        "repo": "home-manager",
        "type": "github"
      }
    },
    "hyprpaper": {
      "inputs": {
        "nixpkgs": [
          "nixpkgs"
        ]
      },
      "locked": {
        "lastModified": 1682542538,
        "narHash": "sha256-752hHXEGsvKdw1Hm2LoFfi6sj2zVxu2AuKi4sRA7HN0=",
        "owner": "hyprwm",
        "repo": "hyprpaper",
        "rev": "b4fdc0be52d7c3e48e932698bafc3f69dbd45b3b",
        "type": "github"
      },
      "original": {
        "owner": "hyprwm",
        "repo": "hyprpaper",
        "type": "github"
      }
    },
    "hyprpicker": {
      "inputs": {
        "nixpkgs": [
          "nixpkgs"
        ]
      },
      "locked": {
        "lastModified": 1683146419,
        "narHash": "sha256-IjOvGdRUHhT3J462muTesxdNptN4L1OLjQahZBIKA2k=",
        "owner": "hyprwm",
        "repo": "hyprpicker",
        "rev": "7d78a25fe1ec9a1804b0657dfb943eeaf70cc913",
        "type": "github"
      },
      "original": {
        "owner": "hyprwm",
        "repo": "hyprpicker",
        "type": "github"
      }
    },
    "nixos-hardware": {
      "locked": {
        "lastModified": 1683009613,
        "narHash": "sha256-jJh8JaoHOLlk7iFLgZk1PlxCCNA2KTKfOLMLCa9mduA=",
        "owner": "nixos",
        "repo": "nixos-hardware",
        "rev": "7dc46304675f4ff2d6be921ef60883efd31363c4",
        "type": "github"
      },
      "original": {
        "owner": "nixos",
        "repo": "nixos-hardware",
        "type": "github"
      }
    },
    "nixpkgs": {
      "locked": {
        "lastModified": 1683014792,
        "narHash": "sha256-6Va9iVtmmsw4raBc3QKvQT2KT/NGRWlvUlJj46zN8B8=",
        "owner": "nixos",
        "repo": "nixpkgs",
        "rev": "1a411f23ba299db155a5b45d5e145b85a7aafc42",
        "type": "github"
      },
      "original": {
        "owner": "nixos",
        "ref": "nixos-unstable",
        "repo": "nixpkgs",
        "type": "github"
      }
    },
    "root": {
      "inputs": {
        "eww-scripts": "eww-scripts",
        "home-manager": "home-manager",
        "hyprpaper": "hyprpaper",
        "hyprpicker": "hyprpicker",
        "nixos-hardware": "nixos-hardware",
        "nixpkgs": "nixpkgs"
      }
    }
  },
  "root": "root",
  "version": 7
}
